
Microsoft Visual Studio Solution File, Format Version 12.00
# Visual Studio Version 16
VisualStudioVersion = 16.0.29709.97
MinimumVisualStudioVersion = 10.0.40219.1
Project("{9A19103F-16F7-4668-BE54-9A1E7A4F7556}") = "OCRReader", "OCRReader\OCRReader.csproj", "{9C1F108C-E485-4FEA-9B78-57BD95B61E4F}"
EndProject
Project("{FAE04EC0-301F-11D3-BF4B-00C04F79EFBC}") = "ImageReader", "ImageReader\ImageReader.csproj", "{CD66CB2D-0E2A-4695-BD9C-9564582B1CC6}"
	ProjectSection(ProjectDependencies) = postProject
		{9C1F108C-E485-4FEA-9B78-57BD95B61E4F} = {9C1F108C-E485-4FEA-9B78-57BD95B61E4F}
	EndProjectSection
EndProject
Global
	GlobalSection(SolutionConfigurationPlatforms) = preSolution
		Debug|Any CPU = Debug|Any CPU
		Release|Any CPU = Release|Any CPU
	EndGlobalSection
	GlobalSection(ProjectConfigurationPlatforms) = postSolution
		{9C1F108C-E485-4FEA-9B78-57BD95B61E4F}.Debug|Any CPU.ActiveCfg = Debug|Any CPU
		{9C1F108C-E485-4FEA-9B78-57BD95B61E4F}.Debug|Any CPU.Build.0 = Debug|Any CPU
		{9C1F108C-E485-4FEA-9B78-57BD95B61E4F}.Release|Any CPU.ActiveCfg = Release|Any CPU
		{9C1F108C-E485-4FEA-9B78-57BD95B61E4F}.Release|Any CPU.Build.0 = Release|Any CPU
		{CD66CB2D-0E2A-4695-BD9C-9564582B1CC6}.Debug|Any CPU.ActiveCfg = Debug|Any CPU
		{CD66CB2D-0E2A-4695-BD9C-9564582B1CC6}.Debug|Any CPU.Build.0 = Debug|Any CPU
		{CD66CB2D-0E2A-4695-BD9C-9564582B1CC6}.Release|Any CPU.ActiveCfg = Release|Any CPU
		{CD66CB2D-0E2A-4695-BD9C-9564582B1CC6}.Release|Any CPU.Build.0 = Release|Any CPU
	EndGlobalSection
	GlobalSection(SolutionProperties) = preSolution
		HideSolutionNode = FALSE
	EndGlobalSection
	GlobalSection(ExtensibilityGlobals) = postSolution
		SolutionGuid = {777035D3-7F99-426A-83C9-6EEC8427C116}
	EndGlobalSection
EndGlobal
